
Microsoft Visual Studio Solution File, Format Version 12.00
# Visual Studio Version 17
VisualStudioVersion = 17.3.32825.248
MinimumVisualStudioVersion = 10.0.40219.1
Project("{FAE04EC0-301F-11D3-BF4B-00C04F79EFBC}") = "Lab_6_animation", "Lab_6_animation.csproj", "{21F8C514-B287-4F23-8EC2-C93683DF63B2}"
EndProject
Global
	GlobalSection(SolutionConfigurationPlatforms) = preSolution
		Debug|Any CPU = Debug|Any CPU
		Release|Any CPU = Release|Any CPU
	EndGlobalSection
	GlobalSection(ProjectConfigurationPlatforms) = postSolution
		{21F8C514-B287-4F23-8EC2-C93683DF63B2}.Debug|Any CPU.ActiveCfg = Debug|Any CPU
		{21F8C514-B287-4F23-8EC2-C93683DF63B2}.Debug|Any CPU.Build.0 = Debug|Any CPU
		{21F8C514-B287-4F23-8EC2-C93683DF63B2}.Release|Any CPU.ActiveCfg = Release|Any CPU
		{21F8C514-B287-4F23-8EC2-C93683DF63B2}.Release|Any CPU.Build.0 = Release|Any CPU
	EndGlobalSection
	GlobalSection(SolutionProperties) = preSolution
		HideSolutionNode = FALSE
	EndGlobalSection
	GlobalSection(ExtensibilityGlobals) = postSolution
		SolutionGuid = {870B03B5-9C94-4F5F-8F08-C4432F4B9D96}
	EndGlobalSection
EndGlobal
